
Microsoft Visual Studio Solution File, Format Version 12.00
# Visual Studio Version 17
VisualStudioVersion = 17.2.32519.379
MinimumVisualStudioVersion = 10.0.40219.1
Project("{9A19103F-16F7-4668-BE54-9A1E7A4F7556}") = "EventSystemPractice", "EventSystemPractice\EventSystemPractice.csproj", "{329ECA89-F9A9-48D3-A4D5-1701FB07C385}"
Project("{FAE04EC0-301F-11D3-BF4B-00C04F79EFBC}") = "PalindromeFinder", "PalindromeFinder\PalindromeFinder.csproj", "{3F951B79-D427-451E-A3E5-CD3F941C9AF5}"
Project("{FAE04EC0-301F-11D3-BF4B-00C04F79EFBC}") = "FileExtensionFilter", "FileExtensionFilter\FileExtensionFilter.csproj", "{491F8E62-0E4E-42EB-A56F-1A8277D06E64}"
EndProject
Global
	GlobalSection(SolutionConfigurationPlatforms) = preSolution
		Debug|Any CPU = Debug|Any CPU
		Release|Any CPU = Release|Any CPU
	EndGlobalSection
	GlobalSection(ProjectConfigurationPlatforms) = postSolution
		{491F8E62-0E4E-42EB-A56F-1A8277D06E64}.Debug|Any CPU.ActiveCfg = Debug|Any CPU
		{491F8E62-0E4E-42EB-A56F-1A8277D06E64}.Debug|Any CPU.Build.0 = Debug|Any CPU
		{491F8E62-0E4E-42EB-A56F-1A8277D06E64}.Release|Any CPU.ActiveCfg = Release|Any CPU
		{491F8E62-0E4E-42EB-A56F-1A8277D06E64}.Release|Any CPU.Build.0 = Release|Any CPU
		{329ECA89-F9A9-48D3-A4D5-1701FB07C385}.Debug|Any CPU.ActiveCfg = Debug|Any CPU
		{329ECA89-F9A9-48D3-A4D5-1701FB07C385}.Debug|Any CPU.Build.0 = Debug|Any CPU
		{329ECA89-F9A9-48D3-A4D5-1701FB07C385}.Release|Any CPU.ActiveCfg = Release|Any CPU
		{329ECA89-F9A9-48D3-A4D5-1701FB07C385}.Release|Any CPU.Build.0 = Release|Any CPU
		{3F951B79-D427-451E-A3E5-CD3F941C9AF5}.Debug|Any CPU.ActiveCfg = Debug|Any CPU
		{3F951B79-D427-451E-A3E5-CD3F941C9AF5}.Debug|Any CPU.Build.0 = Debug|Any CPU
		{3F951B79-D427-451E-A3E5-CD3F941C9AF5}.Release|Any CPU.ActiveCfg = Release|Any CPU
		{3F951B79-D427-451E-A3E5-CD3F941C9AF5}.Release|Any CPU.Build.0 = Release|Any CPU
	EndGlobalSection
	GlobalSection(SolutionProperties) = preSolution
		HideSolutionNode = FALSE
	EndGlobalSection
	GlobalSection(ExtensibilityGlobals) = postSolution
		SolutionGuid = {824819BB-5F3F-4F1E-81D6-BFDAA8AB130B}
	EndGlobalSection
EndGlobal
